
Microsoft Visual Studio Solution File, Format Version 12.00
# Visual Studio Version 17
VisualStudioVersion = 17.4.33103.184
MinimumVisualStudioVersion = 10.0.40219.1
Project("{9A19103F-16F7-4668-BE54-9A1E7A4F7556}") = "VentaAlimentos", "VentaAlimentos\VentaAlimentos.csproj", "{7E0E3ABF-488B-455E-8F08-26AB2C840557}"
EndProject
Global
	GlobalSection(SolutionConfigurationPlatforms) = preSolution
		Debug|Any CPU = Debug|Any CPU
		Release|Any CPU = Release|Any CPU
	EndGlobalSection
	GlobalSection(ProjectConfigurationPlatforms) = postSolution
		{7E0E3ABF-488B-455E-8F08-26AB2C840557}.Debug|Any CPU.ActiveCfg = Debug|Any CPU
		{7E0E3ABF-488B-455E-8F08-26AB2C840557}.Debug|Any CPU.Build.0 = Debug|Any CPU
		{7E0E3ABF-488B-455E-8F08-26AB2C840557}.Release|Any CPU.ActiveCfg = Release|Any CPU
		{7E0E3ABF-488B-455E-8F08-26AB2C840557}.Release|Any CPU.Build.0 = Release|Any CPU
	EndGlobalSection
	GlobalSection(SolutionProperties) = preSolution
		HideSolutionNode = FALSE
	EndGlobalSection
	GlobalSection(ExtensibilityGlobals) = postSolution
		SolutionGuid = {B4437BF4-7B8C-40BE-B0CE-1DE330BBDF98}
	EndGlobalSection
EndGlobal
